
Microsoft Visual Studio Solution File, Format Version 12.00
# Visual Studio Version 16
VisualStudioVersion = 16.0.30413.136
MinimumVisualStudioVersion = 10.0.40219.1
Project("{FAE04EC0-301F-11D3-BF4B-00C04F79EFBC}") = "HowOldAreYou", "HowOldAreYou\HowOldAreYou.csproj", "{049C17D0-7D93-41A1-88F7-69B3E1DAAA5D}"
EndProject
Global
	GlobalSection(SolutionConfigurationPlatforms) = preSolution
		Debug|Any CPU = Debug|Any CPU
		Release|Any CPU = Release|Any CPU
	EndGlobalSection
	GlobalSection(ProjectConfigurationPlatforms) = postSolution
		{049C17D0-7D93-41A1-88F7-69B3E1DAAA5D}.Debug|Any CPU.ActiveCfg = Debug|Any CPU
		{049C17D0-7D93-41A1-88F7-69B3E1DAAA5D}.Debug|Any CPU.Build.0 = Debug|Any CPU
		{049C17D0-7D93-41A1-88F7-69B3E1DAAA5D}.Release|Any CPU.ActiveCfg = Release|Any CPU
		{049C17D0-7D93-41A1-88F7-69B3E1DAAA5D}.Release|Any CPU.Build.0 = Release|Any CPU
	EndGlobalSection
	GlobalSection(SolutionProperties) = preSolution
		HideSolutionNode = FALSE
	EndGlobalSection
	GlobalSection(ExtensibilityGlobals) = postSolution
		SolutionGuid = {BE2C867D-FF15-4710-8799-66571509AD72}
	EndGlobalSection
EndGlobal
